
Microsoft Visual Studio Solution File, Format Version 12.00
# Visual Studio 15
VisualStudioVersion = 15.0.27004.2005
MinimumVisualStudioVersion = 10.0.40219.1
Project("{FAE04EC0-301F-11D3-BF4B-00C04F79EFBC}") = "Organizer", "Organizer\Organizer.csproj", "{47A4C293-2C08-4E95-B487-B61E5656B9B0}"
EndProject
Project("{FAE04EC0-301F-11D3-BF4B-00C04F79EFBC}") = "Organizer.DataAccess", "Organizer.DataAccess\Organizer.DataAccess.csproj", "{185DA48D-946A-46D1-89F2-E6DF15E5AD23}"
EndProject
Project("{FAE04EC0-301F-11D3-BF4B-00C04F79EFBC}") = "Organizer.Model", "Organizer.Model\Organizer.Model.csproj", "{D25AF6C0-480B-48C7-90B7-90D5BD0707D3}"
EndProject
Global
	GlobalSection(SolutionConfigurationPlatforms) = preSolution
		Debug|Any CPU = Debug|Any CPU
		Release|Any CPU = Release|Any CPU
	EndGlobalSection
	GlobalSection(ProjectConfigurationPlatforms) = postSolution
		{47A4C293-2C08-4E95-B487-B61E5656B9B0}.Debug|Any CPU.ActiveCfg = Debug|Any CPU
		{47A4C293-2C08-4E95-B487-B61E5656B9B0}.Debug|Any CPU.Build.0 = Debug|Any CPU
		{47A4C293-2C08-4E95-B487-B61E5656B9B0}.Release|Any CPU.ActiveCfg = Release|Any CPU
		{47A4C293-2C08-4E95-B487-B61E5656B9B0}.Release|Any CPU.Build.0 = Release|Any CPU
		{185DA48D-946A-46D1-89F2-E6DF15E5AD23}.Debug|Any CPU.ActiveCfg = Debug|Any CPU
		{185DA48D-946A-46D1-89F2-E6DF15E5AD23}.Debug|Any CPU.Build.0 = Debug|Any CPU
		{185DA48D-946A-46D1-89F2-E6DF15E5AD23}.Release|Any CPU.ActiveCfg = Release|Any CPU
		{185DA48D-946A-46D1-89F2-E6DF15E5AD23}.Release|Any CPU.Build.0 = Release|Any CPU
		{D25AF6C0-480B-48C7-90B7-90D5BD0707D3}.Debug|Any CPU.ActiveCfg = Debug|Any CPU
		{D25AF6C0-480B-48C7-90B7-90D5BD0707D3}.Debug|Any CPU.Build.0 = Debug|Any CPU
		{D25AF6C0-480B-48C7-90B7-90D5BD0707D3}.Release|Any CPU.ActiveCfg = Release|Any CPU
		{D25AF6C0-480B-48C7-90B7-90D5BD0707D3}.Release|Any CPU.Build.0 = Release|Any CPU
	EndGlobalSection
	GlobalSection(SolutionProperties) = preSolution
		HideSolutionNode = FALSE
	EndGlobalSection
	GlobalSection(ExtensibilityGlobals) = postSolution
		SolutionGuid = {4CC60EF2-1771-41BA-88DA-F5E66D9A78EF}
	EndGlobalSection
EndGlobal
